
Microsoft Visual Studio Solution File, Format Version 12.00
# Visual Studio Version 17
VisualStudioVersion = 17.7.34024.191
MinimumVisualStudioVersion = 10.0.40219.1
Project("{9A19103F-16F7-4668-BE54-9A1E7A4F7556}") = "SimpleTodo.API", "TodoAPI\SimpleTodo.API.csproj", "{0365FADF-C3F2-4897-83E0-B9700599DAA9}"
EndProject
Project("{9A19103F-16F7-4668-BE54-9A1E7A4F7556}") = "SimpleTodo.Infrastructure", "TodoAPI-Repository\SimpleTodo.Infrastructure.csproj", "{6483B451-3730-4AB5-82B2-9696A765E9A5}"
EndProject
Project("{9A19103F-16F7-4668-BE54-9A1E7A4F7556}") = "SimpleTodo.Domain", "SimpleTodo-Domain\SimpleTodo.Domain.csproj", "{F8B4FFCD-D104-4DF9-88F9-5D9F44432CFE}"
EndProject
Global
	GlobalSection(SolutionConfigurationPlatforms) = preSolution
		Debug|Any CPU = Debug|Any CPU
		Release|Any CPU = Release|Any CPU
	EndGlobalSection
	GlobalSection(ProjectConfigurationPlatforms) = postSolution
		{0365FADF-C3F2-4897-83E0-B9700599DAA9}.Debug|Any CPU.ActiveCfg = Debug|Any CPU
		{0365FADF-C3F2-4897-83E0-B9700599DAA9}.Debug|Any CPU.Build.0 = Debug|Any CPU
		{0365FADF-C3F2-4897-83E0-B9700599DAA9}.Release|Any CPU.ActiveCfg = Release|Any CPU
		{0365FADF-C3F2-4897-83E0-B9700599DAA9}.Release|Any CPU.Build.0 = Release|Any CPU
		{6483B451-3730-4AB5-82B2-9696A765E9A5}.Debug|Any CPU.ActiveCfg = Debug|Any CPU
		{6483B451-3730-4AB5-82B2-9696A765E9A5}.Debug|Any CPU.Build.0 = Debug|Any CPU
		{6483B451-3730-4AB5-82B2-9696A765E9A5}.Release|Any CPU.ActiveCfg = Release|Any CPU
		{6483B451-3730-4AB5-82B2-9696A765E9A5}.Release|Any CPU.Build.0 = Release|Any CPU
		{F8B4FFCD-D104-4DF9-88F9-5D9F44432CFE}.Debug|Any CPU.ActiveCfg = Debug|Any CPU
		{F8B4FFCD-D104-4DF9-88F9-5D9F44432CFE}.Debug|Any CPU.Build.0 = Debug|Any CPU
		{F8B4FFCD-D104-4DF9-88F9-5D9F44432CFE}.Release|Any CPU.ActiveCfg = Release|Any CPU
		{F8B4FFCD-D104-4DF9-88F9-5D9F44432CFE}.Release|Any CPU.Build.0 = Release|Any CPU
	EndGlobalSection
	GlobalSection(SolutionProperties) = preSolution
		HideSolutionNode = FALSE
	EndGlobalSection
	GlobalSection(ExtensibilityGlobals) = postSolution
		SolutionGuid = {11780F27-9396-4E77-9F87-C5086226AAD5}
	EndGlobalSection
EndGlobal
