
Microsoft Visual Studio Solution File, Format Version 12.00
# Visual Studio Version 17
VisualStudioVersion = 17.7.34024.191
MinimumVisualStudioVersion = 10.0.40219.1
Project("{FAE04EC0-301F-11D3-BF4B-00C04F79EFBC}") = "TodoAPI", "TodoAPI\TodoAPI.csproj", "{0365FADF-C3F2-4897-83E0-B9700599DAA9}"
EndProject
Global
	GlobalSection(SolutionConfigurationPlatforms) = preSolution
		Debug|Any CPU = Debug|Any CPU
		Release|Any CPU = Release|Any CPU
	EndGlobalSection
	GlobalSection(ProjectConfigurationPlatforms) = postSolution
		{0365FADF-C3F2-4897-83E0-B9700599DAA9}.Debug|Any CPU.ActiveCfg = Debug|Any CPU
		{0365FADF-C3F2-4897-83E0-B9700599DAA9}.Debug|Any CPU.Build.0 = Debug|Any CPU
		{0365FADF-C3F2-4897-83E0-B9700599DAA9}.Release|Any CPU.ActiveCfg = Release|Any CPU
		{0365FADF-C3F2-4897-83E0-B9700599DAA9}.Release|Any CPU.Build.0 = Release|Any CPU
	EndGlobalSection
	GlobalSection(SolutionProperties) = preSolution
		HideSolutionNode = FALSE
	EndGlobalSection
	GlobalSection(ExtensibilityGlobals) = postSolution
		SolutionGuid = {11780F27-9396-4E77-9F87-C5086226AAD5}
	EndGlobalSection
EndGlobal
